
Microsoft Visual Studio Solution File, Format Version 12.00
# Visual Studio Version 16
VisualStudioVersion = 16.0.29920.165
MinimumVisualStudioVersion = 10.0.40219.1
Project("{FAE04EC0-301F-11D3-BF4B-00C04F79EFBC}") = "ClickedIn", "ClickedIn.csproj", "{8B6DF8E1-215E-4BE6-B152-1E2F81779477}"
EndProject
Global
	GlobalSection(SolutionConfigurationPlatforms) = preSolution
		Debug|Any CPU = Debug|Any CPU
		Release|Any CPU = Release|Any CPU
	EndGlobalSection
	GlobalSection(ProjectConfigurationPlatforms) = postSolution
		{8B6DF8E1-215E-4BE6-B152-1E2F81779477}.Debug|Any CPU.ActiveCfg = Debug|Any CPU
		{8B6DF8E1-215E-4BE6-B152-1E2F81779477}.Debug|Any CPU.Build.0 = Debug|Any CPU
		{8B6DF8E1-215E-4BE6-B152-1E2F81779477}.Release|Any CPU.ActiveCfg = Release|Any CPU
		{8B6DF8E1-215E-4BE6-B152-1E2F81779477}.Release|Any CPU.Build.0 = Release|Any CPU
	EndGlobalSection
	GlobalSection(SolutionProperties) = preSolution
		HideSolutionNode = FALSE
	EndGlobalSection
	GlobalSection(ExtensibilityGlobals) = postSolution
		SolutionGuid = {1918D69C-9B04-4240-B243-A9878D97B100}
	EndGlobalSection
EndGlobal
